
Microsoft Visual Studio Solution File, Format Version 12.00
# Visual Studio Version 16
VisualStudioVersion = 16.0.28917.182
MinimumVisualStudioVersion = 10.0.40219.1
Project("{9A19103F-16F7-4668-BE54-9A1E7A4F7556}") = "SchoolLibrary", "SchoolLibrary\SchoolLibrary.csproj", "{3793AF07-6ABC-443D-BF31-FED021399BCE}"
EndProject
Project("{9A19103F-16F7-4668-BE54-9A1E7A4F7556}") = "SchoolAPI", "SchoolAPI\SchoolAPI.csproj", "{6B8C8863-458F-4184-9274-A52DA2C0FA34}"
EndProject
Project("{FAE04EC0-301F-11D3-BF4B-00C04F79EFBC}") = "SchoolClient", "SchoolClient\SchoolClient.csproj", "{58863FE1-4074-44A5-9615-1F893A236A87}"
EndProject
Global
	GlobalSection(SolutionConfigurationPlatforms) = preSolution
		Debug|Any CPU = Debug|Any CPU
		Release|Any CPU = Release|Any CPU
	EndGlobalSection
	GlobalSection(ProjectConfigurationPlatforms) = postSolution
		{3793AF07-6ABC-443D-BF31-FED021399BCE}.Debug|Any CPU.ActiveCfg = Debug|Any CPU
		{3793AF07-6ABC-443D-BF31-FED021399BCE}.Debug|Any CPU.Build.0 = Debug|Any CPU
		{3793AF07-6ABC-443D-BF31-FED021399BCE}.Release|Any CPU.ActiveCfg = Release|Any CPU
		{3793AF07-6ABC-443D-BF31-FED021399BCE}.Release|Any CPU.Build.0 = Release|Any CPU
		{6B8C8863-458F-4184-9274-A52DA2C0FA34}.Debug|Any CPU.ActiveCfg = Debug|Any CPU
		{6B8C8863-458F-4184-9274-A52DA2C0FA34}.Debug|Any CPU.Build.0 = Debug|Any CPU
		{6B8C8863-458F-4184-9274-A52DA2C0FA34}.Release|Any CPU.ActiveCfg = Release|Any CPU
		{6B8C8863-458F-4184-9274-A52DA2C0FA34}.Release|Any CPU.Build.0 = Release|Any CPU
		{58863FE1-4074-44A5-9615-1F893A236A87}.Debug|Any CPU.ActiveCfg = Debug|Any CPU
		{58863FE1-4074-44A5-9615-1F893A236A87}.Debug|Any CPU.Build.0 = Debug|Any CPU
		{58863FE1-4074-44A5-9615-1F893A236A87}.Release|Any CPU.ActiveCfg = Release|Any CPU
		{58863FE1-4074-44A5-9615-1F893A236A87}.Release|Any CPU.Build.0 = Release|Any CPU
	EndGlobalSection
	GlobalSection(SolutionProperties) = preSolution
		HideSolutionNode = FALSE
	EndGlobalSection
	GlobalSection(ExtensibilityGlobals) = postSolution
		SolutionGuid = {1EACC902-B37F-4167-BACA-4A71577854A8}
	EndGlobalSection
EndGlobal
